
Microsoft Visual Studio Solution File, Format Version 12.00
# Visual Studio Version 16
VisualStudioVersion = 16.0.29519.87
MinimumVisualStudioVersion = 10.0.40219.1
Project("{FAE04EC0-301F-11D3-BF4B-00C04F79EFBC}") = "Virsta_Roxana_Lab2", "Virsta_Roxana_Lab2.csproj", "{FEAB1E33-54FF-44D6-A3C1-1680BDED4861}"
EndProject
Global
	GlobalSection(SolutionConfigurationPlatforms) = preSolution
		Debug|Any CPU = Debug|Any CPU
		Release|Any CPU = Release|Any CPU
	EndGlobalSection
	GlobalSection(ProjectConfigurationPlatforms) = postSolution
		{FEAB1E33-54FF-44D6-A3C1-1680BDED4861}.Debug|Any CPU.ActiveCfg = Debug|Any CPU
		{FEAB1E33-54FF-44D6-A3C1-1680BDED4861}.Debug|Any CPU.Build.0 = Debug|Any CPU
		{FEAB1E33-54FF-44D6-A3C1-1680BDED4861}.Release|Any CPU.ActiveCfg = Release|Any CPU
		{FEAB1E33-54FF-44D6-A3C1-1680BDED4861}.Release|Any CPU.Build.0 = Release|Any CPU
	EndGlobalSection
	GlobalSection(SolutionProperties) = preSolution
		HideSolutionNode = FALSE
	EndGlobalSection
	GlobalSection(ExtensibilityGlobals) = postSolution
		SolutionGuid = {D1F44773-312D-4C16-BFA5-5F3ED5DCDDAD}
	EndGlobalSection
EndGlobal
